name: Run Bundler Command

on:
  workflow_dispatch: # 수동으로 실행 가능하도록 설정
  push:
    branches:
      - main

jobs:
  bundler:
    runs-on: ubuntu-latest

    steps:
      - name: Checkout code
        uses: actions/checkout@v3

      - name: Setup Ruby
        uses: ruby/setup-ruby@v1
        with:
          ruby-version: 3.1

      - name: Install Bundler
        run: gem install bundler

      - name: Run Bundler Command
        run: |
          bundle lock --add-platform x86_64-linux
          git config --global user.name "Your Name"
          git config --global user.email "your-email@example.com"
          git add Gemfile.lock
          git commit -m "Add x86_64-linux platform to Gemfile.lock"
          git push origin main
